
Microsoft Visual Studio Solution File, Format Version 12.00
# Visual Studio Version 17
VisualStudioVersion = 17.5.33530.505
MinimumVisualStudioVersion = 10.0.40219.1
Project("{FAE04EC0-301F-11D3-BF4B-00C04F79EFBC}") = "MVP_RJCode", "MVP_RJCode.csproj", "{3153698C-71C4-4F3B-99E7-ED1F76223806}"
EndProject
Global
	GlobalSection(SolutionConfigurationPlatforms) = preSolution
		Debug|Any CPU = Debug|Any CPU
		Release|Any CPU = Release|Any CPU
	EndGlobalSection
	GlobalSection(ProjectConfigurationPlatforms) = postSolution
		{3153698C-71C4-4F3B-99E7-ED1F76223806}.Debug|Any CPU.ActiveCfg = Debug|Any CPU
		{3153698C-71C4-4F3B-99E7-ED1F76223806}.Debug|Any CPU.Build.0 = Debug|Any CPU
		{3153698C-71C4-4F3B-99E7-ED1F76223806}.Release|Any CPU.ActiveCfg = Release|Any CPU
		{3153698C-71C4-4F3B-99E7-ED1F76223806}.Release|Any CPU.Build.0 = Release|Any CPU
	EndGlobalSection
	GlobalSection(SolutionProperties) = preSolution
		HideSolutionNode = FALSE
	EndGlobalSection
	GlobalSection(ExtensibilityGlobals) = postSolution
		SolutionGuid = {E542CE08-9285-412F-AD9A-035ECBCDD78A}
	EndGlobalSection
EndGlobal
